
Microsoft Visual Studio Solution File, Format Version 12.00
# Visual Studio Version 17
VisualStudioVersion = 17.0.31903.59
MinimumVisualStudioVersion = 10.0.40219.1
Project("{FAE04EC0-301F-11D3-BF4B-00C04F79EFBC}") = "Simple.Domain.Services", "Simple.Domain.Services\Simple.Domain.Services.csproj", "{23045814-66C6-4EE6-B698-FF02717340F5}"
EndProject
Project("{FAE04EC0-301F-11D3-BF4B-00C04F79EFBC}") = "Simple.Infrastructure.SqlServer", "Simple.Infrastructure.SqlServer\Simple.Infrastructure.SqlServer.csproj", "{4266DBD9-2FF8-40A9-99E7-4F3EBAF4A8E0}"
EndProject
Project("{FAE04EC0-301F-11D3-BF4B-00C04F79EFBC}") = "Simple.Web.Api", "Simple.Web.Api\Simple.Web.Api.csproj", "{5B75C02E-E552-4B1F-B945-8924AF04A902}"
EndProject
Project("{FAE04EC0-301F-11D3-BF4B-00C04F79EFBC}") = "Simple.Infrastructure.Notifications", "Simple.Infrastructure.Notifications\Simple.Infrastructure.Notifications.csproj", "{2030B230-FB17-4A8C-8FCC-9654215BA0D3}"
EndProject
Project("{FAE04EC0-301F-11D3-BF4B-00C04F79EFBC}") = "Simple.Shared.Models", "Simple.Shared.Models\Simple.Shared.Models.csproj", "{CBF7229B-D119-484E-A50F-E5CC36062055}"
EndProject
Project("{FAE04EC0-301F-11D3-BF4B-00C04F79EFBC}") = "Simple.Infrastructure.Mediator", "Simple.Infrastructure.Mediator\Simple.Infrastructure.Mediator.csproj", "{22D7C583-0328-418E-864E-E55C959363BC}"
EndProject
Project("{FAE04EC0-301F-11D3-BF4B-00C04F79EFBC}") = "Simple.Shared.Extensions", "Simple.Shared.Extensions\Simple.Shared.Extensions.csproj", "{057CFD9A-6478-492B-A424-BDC78AEE9F6F}"
EndProject
Project("{FAE04EC0-301F-11D3-BF4B-00C04F79EFBC}") = "Simple.Infrastructure.Queue", "Simple.Infrastructure.Queue\Simple.Infrastructure.Queue.csproj", "{903E20E4-CEDF-4BB4-B087-CB67D6C8C184}"
EndProject
Project("{FAE04EC0-301F-11D3-BF4B-00C04F79EFBC}") = "Simple.Web.Endpoints", "Simple.Web.Endpoints\Simple.Web.Endpoints.csproj", "{B6EAD819-697E-4D4C-AEFD-4C443455F395}"
EndProject
Global
	GlobalSection(SolutionConfigurationPlatforms) = preSolution
		Debug|Any CPU = Debug|Any CPU
		Release|Any CPU = Release|Any CPU
	EndGlobalSection
	GlobalSection(SolutionProperties) = preSolution
		HideSolutionNode = FALSE
	EndGlobalSection
	GlobalSection(ProjectConfigurationPlatforms) = postSolution
		{23045814-66C6-4EE6-B698-FF02717340F5}.Debug|Any CPU.ActiveCfg = Debug|Any CPU
		{23045814-66C6-4EE6-B698-FF02717340F5}.Debug|Any CPU.Build.0 = Debug|Any CPU
		{23045814-66C6-4EE6-B698-FF02717340F5}.Release|Any CPU.ActiveCfg = Release|Any CPU
		{23045814-66C6-4EE6-B698-FF02717340F5}.Release|Any CPU.Build.0 = Release|Any CPU
		{4266DBD9-2FF8-40A9-99E7-4F3EBAF4A8E0}.Debug|Any CPU.ActiveCfg = Debug|Any CPU
		{4266DBD9-2FF8-40A9-99E7-4F3EBAF4A8E0}.Debug|Any CPU.Build.0 = Debug|Any CPU
		{4266DBD9-2FF8-40A9-99E7-4F3EBAF4A8E0}.Release|Any CPU.ActiveCfg = Release|Any CPU
		{4266DBD9-2FF8-40A9-99E7-4F3EBAF4A8E0}.Release|Any CPU.Build.0 = Release|Any CPU
		{5B75C02E-E552-4B1F-B945-8924AF04A902}.Debug|Any CPU.ActiveCfg = Debug|Any CPU
		{5B75C02E-E552-4B1F-B945-8924AF04A902}.Debug|Any CPU.Build.0 = Debug|Any CPU
		{5B75C02E-E552-4B1F-B945-8924AF04A902}.Release|Any CPU.ActiveCfg = Release|Any CPU
		{5B75C02E-E552-4B1F-B945-8924AF04A902}.Release|Any CPU.Build.0 = Release|Any CPU
		{2030B230-FB17-4A8C-8FCC-9654215BA0D3}.Debug|Any CPU.ActiveCfg = Debug|Any CPU
		{2030B230-FB17-4A8C-8FCC-9654215BA0D3}.Debug|Any CPU.Build.0 = Debug|Any CPU
		{2030B230-FB17-4A8C-8FCC-9654215BA0D3}.Release|Any CPU.ActiveCfg = Release|Any CPU
		{2030B230-FB17-4A8C-8FCC-9654215BA0D3}.Release|Any CPU.Build.0 = Release|Any CPU
		{CBF7229B-D119-484E-A50F-E5CC36062055}.Debug|Any CPU.ActiveCfg = Debug|Any CPU
		{CBF7229B-D119-484E-A50F-E5CC36062055}.Debug|Any CPU.Build.0 = Debug|Any CPU
		{CBF7229B-D119-484E-A50F-E5CC36062055}.Release|Any CPU.ActiveCfg = Release|Any CPU
		{CBF7229B-D119-484E-A50F-E5CC36062055}.Release|Any CPU.Build.0 = Release|Any CPU
		{22D7C583-0328-418E-864E-E55C959363BC}.Debug|Any CPU.ActiveCfg = Debug|Any CPU
		{22D7C583-0328-418E-864E-E55C959363BC}.Debug|Any CPU.Build.0 = Debug|Any CPU
		{22D7C583-0328-418E-864E-E55C959363BC}.Release|Any CPU.ActiveCfg = Release|Any CPU
		{22D7C583-0328-418E-864E-E55C959363BC}.Release|Any CPU.Build.0 = Release|Any CPU
		{057CFD9A-6478-492B-A424-BDC78AEE9F6F}.Debug|Any CPU.ActiveCfg = Debug|Any CPU
		{057CFD9A-6478-492B-A424-BDC78AEE9F6F}.Debug|Any CPU.Build.0 = Debug|Any CPU
		{057CFD9A-6478-492B-A424-BDC78AEE9F6F}.Release|Any CPU.ActiveCfg = Release|Any CPU
		{057CFD9A-6478-492B-A424-BDC78AEE9F6F}.Release|Any CPU.Build.0 = Release|Any CPU
		{903E20E4-CEDF-4BB4-B087-CB67D6C8C184}.Debug|Any CPU.ActiveCfg = Debug|Any CPU
		{903E20E4-CEDF-4BB4-B087-CB67D6C8C184}.Debug|Any CPU.Build.0 = Debug|Any CPU
		{903E20E4-CEDF-4BB4-B087-CB67D6C8C184}.Release|Any CPU.ActiveCfg = Release|Any CPU
		{903E20E4-CEDF-4BB4-B087-CB67D6C8C184}.Release|Any CPU.Build.0 = Release|Any CPU
		{B6EAD819-697E-4D4C-AEFD-4C443455F395}.Debug|Any CPU.ActiveCfg = Debug|Any CPU
		{B6EAD819-697E-4D4C-AEFD-4C443455F395}.Debug|Any CPU.Build.0 = Debug|Any CPU
		{B6EAD819-697E-4D4C-AEFD-4C443455F395}.Release|Any CPU.ActiveCfg = Release|Any CPU
		{B6EAD819-697E-4D4C-AEFD-4C443455F395}.Release|Any CPU.Build.0 = Release|Any CPU
	EndGlobalSection
EndGlobal
